
Microsoft Visual Studio Solution File, Format Version 12.00
# 
Project("{FAE04EC0-301F-11D3-BF4B-00C04F79EFBC}") = "StockTraderBackend", "StockTraderBackend\StockTraderBackend.csproj", "{B91B65B6-CF0C-4C98-AAB5-20E94FB0344D}"
EndProject
Project("{FAE04EC0-301F-11D3-BF4B-00C04F79EFBC}") = "StockTraderBackend.Tests", "StockTraderBackend.Tests\StockTraderBackend.Tests.csproj", "{AC58FF1C-24A1-46C6-9630-422269DB7C40}"
EndProject
Global
	GlobalSection(SolutionConfigurationPlatforms) = preSolution
		Debug|Any CPU = Debug|Any CPU
		Release|Any CPU = Release|Any CPU
	EndGlobalSection
	GlobalSection(ProjectConfigurationPlatforms) = postSolution
		{B91B65B6-CF0C-4C98-AAB5-20E94FB0344D}.Debug|Any CPU.ActiveCfg = Debug|Any CPU
		{B91B65B6-CF0C-4C98-AAB5-20E94FB0344D}.Debug|Any CPU.Build.0 = Debug|Any CPU
		{B91B65B6-CF0C-4C98-AAB5-20E94FB0344D}.Release|Any CPU.ActiveCfg = Release|Any CPU
		{B91B65B6-CF0C-4C98-AAB5-20E94FB0344D}.Release|Any CPU.Build.0 = Release|Any CPU
		{AC58FF1C-24A1-46C6-9630-422269DB7C40}.Debug|Any CPU.ActiveCfg = Debug|Any CPU
		{AC58FF1C-24A1-46C6-9630-422269DB7C40}.Debug|Any CPU.Build.0 = Debug|Any CPU
		{AC58FF1C-24A1-46C6-9630-422269DB7C40}.Release|Any CPU.ActiveCfg = Release|Any CPU
		{AC58FF1C-24A1-46C6-9630-422269DB7C40}.Release|Any CPU.Build.0 = Release|Any CPU
	EndGlobalSection
EndGlobal
